
Microsoft Visual Studio Solution File, Format Version 12.00
# Visual Studio 15
VisualStudioVersion = 15.0.28307.421
MinimumVisualStudioVersion = 10.0.40219.1
Project("{FAE04EC0-301F-11D3-BF4B-00C04F79EFBC}") = "AppGSB.Android", "AppGSB\AppGSB.Android\AppGSB.Android.csproj", "{67B748AD-2F52-4EB3-AB8E-1DDCA5BCA992}"
EndProject
Project("{FAE04EC0-301F-11D3-BF4B-00C04F79EFBC}") = "AppGSB.iOS", "AppGSB\AppGSB.iOS\AppGSB.iOS.csproj", "{F5042ADE-32FC-4C35-874A-8E1669ACADE3}"
EndProject
Project("{FAE04EC0-301F-11D3-BF4B-00C04F79EFBC}") = "AppGSB.UWP", "AppGSB\AppGSB.UWP\AppGSB.UWP.csproj", "{2F48A8B5-AED9-4AD8-ACAC-DDD7EEDA38A3}"
EndProject
Project("{FAE04EC0-301F-11D3-BF4B-00C04F79EFBC}") = "AppGSB", "AppGSB\AppGSB\AppGSB.csproj", "{675D33DD-C12A-4452-8CB0-9A29467BB7EB}"
EndProject
Global
	GlobalSection(SolutionConfigurationPlatforms) = preSolution
		Ad-Hoc|Any CPU = Ad-Hoc|Any CPU
		Ad-Hoc|ARM = Ad-Hoc|ARM
		Ad-Hoc|iPhone = Ad-Hoc|iPhone
		Ad-Hoc|iPhoneSimulator = Ad-Hoc|iPhoneSimulator
		Ad-Hoc|x64 = Ad-Hoc|x64
		Ad-Hoc|x86 = Ad-Hoc|x86
		AppStore|Any CPU = AppStore|Any CPU
		AppStore|ARM = AppStore|ARM
		AppStore|iPhone = AppStore|iPhone
		AppStore|iPhoneSimulator = AppStore|iPhoneSimulator
		AppStore|x64 = AppStore|x64
		AppStore|x86 = AppStore|x86
		Debug|Any CPU = Debug|Any CPU
		Debug|ARM = Debug|ARM
		Debug|iPhone = Debug|iPhone
		Debug|iPhoneSimulator = Debug|iPhoneSimulator
		Debug|x64 = Debug|x64
		Debug|x86 = Debug|x86
		Release|Any CPU = Release|Any CPU
		Release|ARM = Release|ARM
		Release|iPhone = Release|iPhone
		Release|iPhoneSimulator = Release|iPhoneSimulator
		Release|x64 = Release|x64
		Release|x86 = Release|x86
	EndGlobalSection
	GlobalSection(ProjectConfigurationPlatforms) = postSolution
		{67B748AD-2F52-4EB3-AB8E-1DDCA5BCA992}.Ad-Hoc|Any CPU.ActiveCfg = Release|Any CPU
		{67B748AD-2F52-4EB3-AB8E-1DDCA5BCA992}.Ad-Hoc|Any CPU.Build.0 = Release|Any CPU
		{67B748AD-2F52-4EB3-AB8E-1DDCA5BCA992}.Ad-Hoc|Any CPU.Deploy.0 = Release|Any CPU
		{67B748AD-2F52-4EB3-AB8E-1DDCA5BCA992}.Ad-Hoc|ARM.ActiveCfg = Release|Any CPU
		{67B748AD-2F52-4EB3-AB8E-1DDCA5BCA992}.Ad-Hoc|ARM.Build.0 = Release|Any CPU
		{67B748AD-2F52-4EB3-AB8E-1DDCA5BCA992}.Ad-Hoc|ARM.Deploy.0 = Release|Any CPU
		{67B748AD-2F52-4EB3-AB8E-1DDCA5BCA992}.Ad-Hoc|iPhone.ActiveCfg = Release|Any CPU
		{67B748AD-2F52-4EB3-AB8E-1DDCA5BCA992}.Ad-Hoc|iPhone.Build.0 = Release|Any CPU
		{67B748AD-2F52-4EB3-AB8E-1DDCA5BCA992}.Ad-Hoc|iPhone.Deploy.0 = Release|Any CPU
		{67B748AD-2F52-4EB3-AB8E-1DDCA5BCA992}.Ad-Hoc|iPhoneSimulator.ActiveCfg = Release|Any CPU
		{67B748AD-2F52-4EB3-AB8E-1DDCA5BCA992}.Ad-Hoc|iPhoneSimulator.Build.0 = Release|Any CPU
		{67B748AD-2F52-4EB3-AB8E-1DDCA5BCA992}.Ad-Hoc|iPhoneSimulator.Deploy.0 = Release|Any CPU
		{67B748AD-2F52-4EB3-AB8E-1DDCA5BCA992}.Ad-Hoc|x64.ActiveCfg = Release|Any CPU
		{67B748AD-2F52-4EB3-AB8E-1DDCA5BCA992}.Ad-Hoc|x64.Build.0 = Release|Any CPU
		{67B748AD-2F52-4EB3-AB8E-1DDCA5BCA992}.Ad-Hoc|x64.Deploy.0 = Release|Any CPU
		{67B748AD-2F52-4EB3-AB8E-1DDCA5BCA992}.Ad-Hoc|x86.ActiveCfg = Release|Any CPU
		{67B748AD-2F52-4EB3-AB8E-1DDCA5BCA992}.Ad-Hoc|x86.Build.0 = Release|Any CPU
		{67B748AD-2F52-4EB3-AB8E-1DDCA5BCA992}.Ad-Hoc|x86.Deploy.0 = Release|Any CPU
		{67B748AD-2F52-4EB3-AB8E-1DDCA5BCA992}.AppStore|Any CPU.ActiveCfg = Release|Any CPU
		{67B748AD-2F52-4EB3-AB8E-1DDCA5BCA992}.AppStore|Any CPU.Build.0 = Release|Any CPU
		{67B748AD-2F52-4EB3-AB8E-1DDCA5BCA992}.AppStore|Any CPU.Deploy.0 = Release|Any CPU
		{67B748AD-2F52-4EB3-AB8E-1DDCA5BCA992}.AppStore|ARM.ActiveCfg = Release|Any CPU
		{67B748AD-2F52-4EB3-AB8E-1DDCA5BCA992}.AppStore|ARM.Build.0 = Release|Any CPU
		{67B748AD-2F52-4EB3-AB8E-1DDCA5BCA992}.AppStore|ARM.Deploy.0 = Release|Any CPU
		{67B748AD-2F52-4EB3-AB8E-1DDCA5BCA992}.AppStore|iPhone.ActiveCfg = Release|Any CPU
		{67B748AD-2F52-4EB3-AB8E-1DDCA5BCA992}.AppStore|iPhone.Build.0 = Release|Any CPU
		{67B748AD-2F52-4EB3-AB8E-1DDCA5BCA992}.AppStore|iPhone.Deploy.0 = Release|Any CPU
		{67B748AD-2F52-4EB3-AB8E-1DDCA5BCA992}.AppStore|iPhoneSimulator.ActiveCfg = Release|Any CPU
		{67B748AD-2F52-4EB3-AB8E-1DDCA5BCA992}.AppStore|iPhoneSimulator.Build.0 = Release|Any CPU
		{67B748AD-2F52-4EB3-AB8E-1DDCA5BCA992}.AppStore|iPhoneSimulator.Deploy.0 = Release|Any CPU
		{67B748AD-2F52-4EB3-AB8E-1DDCA5BCA992}.AppStore|x64.ActiveCfg = Release|Any CPU
		{67B748AD-2F52-4EB3-AB8E-1DDCA5BCA992}.AppStore|x64.Build.0 = Release|Any CPU
		{67B748AD-2F52-4EB3-AB8E-1DDCA5BCA992}.AppStore|x64.Deploy.0 = Release|Any CPU
		{67B748AD-2F52-4EB3-AB8E-1DDCA5BCA992}.AppStore|x86.ActiveCfg = Release|Any CPU
		{67B748AD-2F52-4EB3-AB8E-1DDCA5BCA992}.AppStore|x86.Build.0 = Release|Any CPU
		{67B748AD-2F52-4EB3-AB8E-1DDCA5BCA992}.AppStore|x86.Deploy.0 = Release|Any CPU
		{67B748AD-2F52-4EB3-AB8E-1DDCA5BCA992}.Debug|Any CPU.ActiveCfg = Debug|Any CPU
		{67B748AD-2F52-4EB3-AB8E-1DDCA5BCA992}.Debug|Any CPU.Build.0 = Debug|Any CPU
		{67B748AD-2F52-4EB3-AB8E-1DDCA5BCA992}.Debug|Any CPU.Deploy.0 = Debug|Any CPU
		{67B748AD-2F52-4EB3-AB8E-1DDCA5BCA992}.Debug|ARM.ActiveCfg = Debug|Any CPU
		{67B748AD-2F52-4EB3-AB8E-1DDCA5BCA992}.Debug|ARM.Build.0 = Debug|Any CPU
		{67B748AD-2F52-4EB3-AB8E-1DDCA5BCA992}.Debug|ARM.Deploy.0 = Debug|Any CPU
		{67B748AD-2F52-4EB3-AB8E-1DDCA5BCA992}.Debug|iPhone.ActiveCfg = Debug|Any CPU
		{67B748AD-2F52-4EB3-AB8E-1DDCA5BCA992}.Debug|iPhone.Build.0 = Debug|Any CPU
		{67B748AD-2F52-4EB3-AB8E-1DDCA5BCA992}.Debug|iPhone.Deploy.0 = Debug|Any CPU
		{67B748AD-2F52-4EB3-AB8E-1DDCA5BCA992}.Debug|iPhoneSimulator.ActiveCfg = Debug|Any CPU
		{67B748AD-2F52-4EB3-AB8E-1DDCA5BCA992}.Debug|iPhoneSimulator.Build.0 = Debug|Any CPU
		{67B748AD-2F52-4EB3-AB8E-1DDCA5BCA992}.Debug|iPhoneSimulator.Deploy.0 = Debug|Any CPU
		{67B748AD-2F52-4EB3-AB8E-1DDCA5BCA992}.Debug|x64.ActiveCfg = Debug|Any CPU
		{67B748AD-2F52-4EB3-AB8E-1DDCA5BCA992}.Debug|x64.Build.0 = Debug|Any CPU
		{67B748AD-2F52-4EB3-AB8E-1DDCA5BCA992}.Debug|x64.Deploy.0 = Debug|Any CPU
		{67B748AD-2F52-4EB3-AB8E-1DDCA5BCA992}.Debug|x86.ActiveCfg = Debug|Any CPU
		{67B748AD-2F52-4EB3-AB8E-1DDCA5BCA992}.Debug|x86.Build.0 = Debug|Any CPU
		{67B748AD-2F52-4EB3-AB8E-1DDCA5BCA992}.Debug|x86.Deploy.0 = Debug|Any CPU
		{67B748AD-2F52-4EB3-AB8E-1DDCA5BCA992}.Release|Any CPU.ActiveCfg = Release|Any CPU
		{67B748AD-2F52-4EB3-AB8E-1DDCA5BCA992}.Release|Any CPU.Build.0 = Release|Any CPU
		{67B748AD-2F52-4EB3-AB8E-1DDCA5BCA992}.Release|Any CPU.Deploy.0 = Release|Any CPU
		{67B748AD-2F52-4EB3-AB8E-1DDCA5BCA992}.Release|ARM.ActiveCfg = Release|Any CPU
		{67B748AD-2F52-4EB3-AB8E-1DDCA5BCA992}.Release|ARM.Build.0 = Release|Any CPU
		{67B748AD-2F52-4EB3-AB8E-1DDCA5BCA992}.Release|ARM.Deploy.0 = Release|Any CPU
		{67B748AD-2F52-4EB3-AB8E-1DDCA5BCA992}.Release|iPhone.ActiveCfg = Release|Any CPU
		{67B748AD-2F52-4EB3-AB8E-1DDCA5BCA992}.Release|iPhone.Build.0 = Release|Any CPU
		{67B748AD-2F52-4EB3-AB8E-1DDCA5BCA992}.Release|iPhone.Deploy.0 = Release|Any CPU
		{67B748AD-2F52-4EB3-AB8E-1DDCA5BCA992}.Release|iPhoneSimulator.ActiveCfg = Release|Any CPU
		{67B748AD-2F52-4EB3-AB8E-1DDCA5BCA992}.Release|iPhoneSimulator.Build.0 = Release|Any CPU
		{67B748AD-2F52-4EB3-AB8E-1DDCA5BCA992}.Release|iPhoneSimulator.Deploy.0 = Release|Any CPU
		{67B748AD-2F52-4EB3-AB8E-1DDCA5BCA992}.Release|x64.ActiveCfg = Release|Any CPU
		{67B748AD-2F52-4EB3-AB8E-1DDCA5BCA992}.Release|x64.Build.0 = Release|Any CPU
		{67B748AD-2F52-4EB3-AB8E-1DDCA5BCA992}.Release|x64.Deploy.0 = Release|Any CPU
		{67B748AD-2F52-4EB3-AB8E-1DDCA5BCA992}.Release|x86.ActiveCfg = Release|Any CPU
		{67B748AD-2F52-4EB3-AB8E-1DDCA5BCA992}.Release|x86.Build.0 = Release|Any CPU
		{67B748AD-2F52-4EB3-AB8E-1DDCA5BCA992}.Release|x86.Deploy.0 = Release|Any CPU
		{F5042ADE-32FC-4C35-874A-8E1669ACADE3}.Ad-Hoc|Any CPU.ActiveCfg = Ad-Hoc|iPhone
		{F5042ADE-32FC-4C35-874A-8E1669ACADE3}.Ad-Hoc|Any CPU.Build.0 = Ad-Hoc|iPhone
		{F5042ADE-32FC-4C35-874A-8E1669ACADE3}.Ad-Hoc|Any CPU.Deploy.0 = Ad-Hoc|iPhone
		{F5042ADE-32FC-4C35-874A-8E1669ACADE3}.Ad-Hoc|ARM.ActiveCfg = Ad-Hoc|iPhone
		{F5042ADE-32FC-4C35-874A-8E1669ACADE3}.Ad-Hoc|ARM.Build.0 = Ad-Hoc|iPhone
		{F5042ADE-32FC-4C35-874A-8E1669ACADE3}.Ad-Hoc|ARM.Deploy.0 = Ad-Hoc|iPhone
		{F5042ADE-32FC-4C35-874A-8E1669ACADE3}.Ad-Hoc|iPhone.ActiveCfg = Ad-Hoc|iPhone
		{F5042ADE-32FC-4C35-874A-8E1669ACADE3}.Ad-Hoc|iPhone.Build.0 = Ad-Hoc|iPhone
		{F5042ADE-32FC-4C35-874A-8E1669ACADE3}.Ad-Hoc|iPhone.Deploy.0 = Ad-Hoc|iPhone
		{F5042ADE-32FC-4C35-874A-8E1669ACADE3}.Ad-Hoc|iPhoneSimulator.ActiveCfg = Ad-Hoc|iPhoneSimulator
		{F5042ADE-32FC-4C35-874A-8E1669ACADE3}.Ad-Hoc|iPhoneSimulator.Build.0 = Ad-Hoc|iPhoneSimulator
		{F5042ADE-32FC-4C35-874A-8E1669ACADE3}.Ad-Hoc|iPhoneSimulator.Deploy.0 = Ad-Hoc|iPhoneSimulator
		{F5042ADE-32FC-4C35-874A-8E1669ACADE3}.Ad-Hoc|x64.ActiveCfg = Ad-Hoc|iPhone
		{F5042ADE-32FC-4C35-874A-8E1669ACADE3}.Ad-Hoc|x64.Build.0 = Ad-Hoc|iPhone
		{F5042ADE-32FC-4C35-874A-8E1669ACADE3}.Ad-Hoc|x64.Deploy.0 = Ad-Hoc|iPhone
		{F5042ADE-32FC-4C35-874A-8E1669ACADE3}.Ad-Hoc|x86.ActiveCfg = Ad-Hoc|iPhone
		{F5042ADE-32FC-4C35-874A-8E1669ACADE3}.Ad-Hoc|x86.Build.0 = Ad-Hoc|iPhone
		{F5042ADE-32FC-4C35-874A-8E1669ACADE3}.Ad-Hoc|x86.Deploy.0 = Ad-Hoc|iPhone
		{F5042ADE-32FC-4C35-874A-8E1669ACADE3}.AppStore|Any CPU.ActiveCfg = AppStore|iPhone
		{F5042ADE-32FC-4C35-874A-8E1669ACADE3}.AppStore|Any CPU.Build.0 = AppStore|iPhone
		{F5042ADE-32FC-4C35-874A-8E1669ACADE3}.AppStore|Any CPU.Deploy.0 = AppStore|iPhone
		{F5042ADE-32FC-4C35-874A-8E1669ACADE3}.AppStore|ARM.ActiveCfg = AppStore|iPhone
		{F5042ADE-32FC-4C35-874A-8E1669ACADE3}.AppStore|ARM.Build.0 = AppStore|iPhone
		{F5042ADE-32FC-4C35-874A-8E1669ACADE3}.AppStore|ARM.Deploy.0 = AppStore|iPhone
		{F5042ADE-32FC-4C35-874A-8E1669ACADE3}.AppStore|iPhone.ActiveCfg = AppStore|iPhone
		{F5042ADE-32FC-4C35-874A-8E1669ACADE3}.AppStore|iPhone.Build.0 = AppStore|iPhone
		{F5042ADE-32FC-4C35-874A-8E1669ACADE3}.AppStore|iPhone.Deploy.0 = AppStore|iPhone
		{F5042ADE-32FC-4C35-874A-8E1669ACADE3}.AppStore|iPhoneSimulator.ActiveCfg = AppStore|iPhoneSimulator
		{F5042ADE-32FC-4C35-874A-8E1669ACADE3}.AppStore|iPhoneSimulator.Build.0 = AppStore|iPhoneSimulator
		{F5042ADE-32FC-4C35-874A-8E1669ACADE3}.AppStore|iPhoneSimulator.Deploy.0 = AppStore|iPhoneSimulator
		{F5042ADE-32FC-4C35-874A-8E1669ACADE3}.AppStore|x64.ActiveCfg = AppStore|iPhone
		{F5042ADE-32FC-4C35-874A-8E1669ACADE3}.AppStore|x64.Build.0 = AppStore|iPhone
		{F5042ADE-32FC-4C35-874A-8E1669ACADE3}.AppStore|x64.Deploy.0 = AppStore|iPhone
		{F5042ADE-32FC-4C35-874A-8E1669ACADE3}.AppStore|x86.ActiveCfg = AppStore|iPhone
		{F5042ADE-32FC-4C35-874A-8E1669ACADE3}.AppStore|x86.Build.0 = AppStore|iPhone
		{F5042ADE-32FC-4C35-874A-8E1669ACADE3}.AppStore|x86.Deploy.0 = AppStore|iPhone
		{F5042ADE-32FC-4C35-874A-8E1669ACADE3}.Debug|Any CPU.ActiveCfg = Debug|iPhoneSimulator
		{F5042ADE-32FC-4C35-874A-8E1669ACADE3}.Debug|Any CPU.Build.0 = Debug|iPhoneSimulator
		{F5042ADE-32FC-4C35-874A-8E1669ACADE3}.Debug|Any CPU.Deploy.0 = Debug|iPhoneSimulator
		{F5042ADE-32FC-4C35-874A-8E1669ACADE3}.Debug|ARM.ActiveCfg = Debug|iPhone
		{F5042ADE-32FC-4C35-874A-8E1669ACADE3}.Debug|ARM.Build.0 = Debug|iPhone
		{F5042ADE-32FC-4C35-874A-8E1669ACADE3}.Debug|ARM.Deploy.0 = Debug|iPhone
		{F5042ADE-32FC-4C35-874A-8E1669ACADE3}.Debug|iPhone.ActiveCfg = Debug|iPhone
		{F5042ADE-32FC-4C35-874A-8E1669ACADE3}.Debug|iPhone.Build.0 = Debug|iPhone
		{F5042ADE-32FC-4C35-874A-8E1669ACADE3}.Debug|iPhone.Deploy.0 = Debug|iPhone
		{F5042ADE-32FC-4C35-874A-8E1669ACADE3}.Debug|iPhoneSimulator.ActiveCfg = Debug|iPhoneSimulator
		{F5042ADE-32FC-4C35-874A-8E1669ACADE3}.Debug|iPhoneSimulator.Build.0 = Debug|iPhoneSimulator
		{F5042ADE-32FC-4C35-874A-8E1669ACADE3}.Debug|iPhoneSimulator.Deploy.0 = Debug|iPhoneSimulator
		{F5042ADE-32FC-4C35-874A-8E1669ACADE3}.Debug|x64.ActiveCfg = Debug|iPhone
		{F5042ADE-32FC-4C35-874A-8E1669ACADE3}.Debug|x64.Build.0 = Debug|iPhone
		{F5042ADE-32FC-4C35-874A-8E1669ACADE3}.Debug|x64.Deploy.0 = Debug|iPhone
		{F5042ADE-32FC-4C35-874A-8E1669ACADE3}.Debug|x86.ActiveCfg = Debug|iPhone
		{F5042ADE-32FC-4C35-874A-8E1669ACADE3}.Debug|x86.Build.0 = Debug|iPhone
		{F5042ADE-32FC-4C35-874A-8E1669ACADE3}.Debug|x86.Deploy.0 = Debug|iPhone
		{F5042ADE-32FC-4C35-874A-8E1669ACADE3}.Release|Any CPU.ActiveCfg = Release|iPhone
		{F5042ADE-32FC-4C35-874A-8E1669ACADE3}.Release|Any CPU.Build.0 = Release|iPhone
		{F5042ADE-32FC-4C35-874A-8E1669ACADE3}.Release|Any CPU.Deploy.0 = Release|iPhone
		{F5042ADE-32FC-4C35-874A-8E1669ACADE3}.Release|ARM.ActiveCfg = Release|iPhone
		{F5042ADE-32FC-4C35-874A-8E1669ACADE3}.Release|ARM.Build.0 = Release|iPhone
		{F5042ADE-32FC-4C35-874A-8E1669ACADE3}.Release|ARM.Deploy.0 = Release|iPhone
		{F5042ADE-32FC-4C35-874A-8E1669ACADE3}.Release|iPhone.ActiveCfg = Release|iPhone
		{F5042ADE-32FC-4C35-874A-8E1669ACADE3}.Release|iPhone.Build.0 = Release|iPhone
		{F5042ADE-32FC-4C35-874A-8E1669ACADE3}.Release|iPhone.Deploy.0 = Release|iPhone
		{F5042ADE-32FC-4C35-874A-8E1669ACADE3}.Release|iPhoneSimulator.ActiveCfg = Release|iPhoneSimulator
		{F5042ADE-32FC-4C35-874A-8E1669ACADE3}.Release|iPhoneSimulator.Build.0 = Release|iPhoneSimulator
		{F5042ADE-32FC-4C35-874A-8E1669ACADE3}.Release|iPhoneSimulator.Deploy.0 = Release|iPhoneSimulator
		{F5042ADE-32FC-4C35-874A-8E1669ACADE3}.Release|x64.ActiveCfg = Release|iPhone
		{F5042ADE-32FC-4C35-874A-8E1669ACADE3}.Release|x64.Build.0 = Release|iPhone
		{F5042ADE-32FC-4C35-874A-8E1669ACADE3}.Release|x64.Deploy.0 = Release|iPhone
		{F5042ADE-32FC-4C35-874A-8E1669ACADE3}.Release|x86.ActiveCfg = Release|iPhone
		{F5042ADE-32FC-4C35-874A-8E1669ACADE3}.Release|x86.Build.0 = Release|iPhone
		{F5042ADE-32FC-4C35-874A-8E1669ACADE3}.Release|x86.Deploy.0 = Release|iPhone
		{2F48A8B5-AED9-4AD8-ACAC-DDD7EEDA38A3}.Ad-Hoc|Any CPU.ActiveCfg = Release|x86
		{2F48A8B5-AED9-4AD8-ACAC-DDD7EEDA38A3}.Ad-Hoc|Any CPU.Build.0 = Release|x86
		{2F48A8B5-AED9-4AD8-ACAC-DDD7EEDA38A3}.Ad-Hoc|Any CPU.Deploy.0 = Release|x86
		{2F48A8B5-AED9-4AD8-ACAC-DDD7EEDA38A3}.Ad-Hoc|ARM.ActiveCfg = Release|ARM
		{2F48A8B5-AED9-4AD8-ACAC-DDD7EEDA38A3}.Ad-Hoc|ARM.Build.0 = Release|ARM
		{2F48A8B5-AED9-4AD8-ACAC-DDD7EEDA38A3}.Ad-Hoc|ARM.Deploy.0 = Release|ARM
		{2F48A8B5-AED9-4AD8-ACAC-DDD7EEDA38A3}.Ad-Hoc|iPhone.ActiveCfg = Release|x86
		{2F48A8B5-AED9-4AD8-ACAC-DDD7EEDA38A3}.Ad-Hoc|iPhone.Build.0 = Release|x86
		{2F48A8B5-AED9-4AD8-ACAC-DDD7EEDA38A3}.Ad-Hoc|iPhone.Deploy.0 = Release|x86
		{2F48A8B5-AED9-4AD8-ACAC-DDD7EEDA38A3}.Ad-Hoc|iPhoneSimulator.ActiveCfg = Release|x86
		{2F48A8B5-AED9-4AD8-ACAC-DDD7EEDA38A3}.Ad-Hoc|iPhoneSimulator.Build.0 = Release|x86
		{2F48A8B5-AED9-4AD8-ACAC-DDD7EEDA38A3}.Ad-Hoc|iPhoneSimulator.Deploy.0 = Release|x86
		{2F48A8B5-AED9-4AD8-ACAC-DDD7EEDA38A3}.Ad-Hoc|x64.ActiveCfg = Release|x64
		{2F48A8B5-AED9-4AD8-ACAC-DDD7EEDA38A3}.Ad-Hoc|x64.Build.0 = Release|x64
		{2F48A8B5-AED9-4AD8-ACAC-DDD7EEDA38A3}.Ad-Hoc|x64.Deploy.0 = Release|x64
		{2F48A8B5-AED9-4AD8-ACAC-DDD7EEDA38A3}.Ad-Hoc|x86.ActiveCfg = Release|x86
		{2F48A8B5-AED9-4AD8-ACAC-DDD7EEDA38A3}.Ad-Hoc|x86.Build.0 = Release|x86
		{2F48A8B5-AED9-4AD8-ACAC-DDD7EEDA38A3}.Ad-Hoc|x86.Deploy.0 = Release|x86
		{2F48A8B5-AED9-4AD8-ACAC-DDD7EEDA38A3}.AppStore|Any CPU.ActiveCfg = Release|x86
		{2F48A8B5-AED9-4AD8-ACAC-DDD7EEDA38A3}.AppStore|Any CPU.Build.0 = Release|x86
		{2F48A8B5-AED9-4AD8-ACAC-DDD7EEDA38A3}.AppStore|Any CPU.Deploy.0 = Release|x86
		{2F48A8B5-AED9-4AD8-ACAC-DDD7EEDA38A3}.AppStore|ARM.ActiveCfg = Release|ARM
		{2F48A8B5-AED9-4AD8-ACAC-DDD7EEDA38A3}.AppStore|ARM.Build.0 = Release|ARM
		{2F48A8B5-AED9-4AD8-ACAC-DDD7EEDA38A3}.AppStore|ARM.Deploy.0 = Release|ARM
		{2F48A8B5-AED9-4AD8-ACAC-DDD7EEDA38A3}.AppStore|iPhone.ActiveCfg = Release|x86
		{2F48A8B5-AED9-4AD8-ACAC-DDD7EEDA38A3}.AppStore|iPhone.Build.0 = Release|x86
		{2F48A8B5-AED9-4AD8-ACAC-DDD7EEDA38A3}.AppStore|iPhone.Deploy.0 = Release|x86
		{2F48A8B5-AED9-4AD8-ACAC-DDD7EEDA38A3}.AppStore|iPhoneSimulator.ActiveCfg = Release|x86
		{2F48A8B5-AED9-4AD8-ACAC-DDD7EEDA38A3}.AppStore|iPhoneSimulator.Build.0 = Release|x86
		{2F48A8B5-AED9-4AD8-ACAC-DDD7EEDA38A3}.AppStore|iPhoneSimulator.Deploy.0 = Release|x86
		{2F48A8B5-AED9-4AD8-ACAC-DDD7EEDA38A3}.AppStore|x64.ActiveCfg = Release|x64
		{2F48A8B5-AED9-4AD8-ACAC-DDD7EEDA38A3}.AppStore|x64.Build.0 = Release|x64
		{2F48A8B5-AED9-4AD8-ACAC-DDD7EEDA38A3}.AppStore|x64.Deploy.0 = Release|x64
		{2F48A8B5-AED9-4AD8-ACAC-DDD7EEDA38A3}.AppStore|x86.ActiveCfg = Release|x86
		{2F48A8B5-AED9-4AD8-ACAC-DDD7EEDA38A3}.AppStore|x86.Build.0 = Release|x86
		{2F48A8B5-AED9-4AD8-ACAC-DDD7EEDA38A3}.AppStore|x86.Deploy.0 = Release|x86
		{2F48A8B5-AED9-4AD8-ACAC-DDD7EEDA38A3}.Debug|Any CPU.ActiveCfg = Debug|x86
		{2F48A8B5-AED9-4AD8-ACAC-DDD7EEDA38A3}.Debug|Any CPU.Build.0 = Debug|x86
		{2F48A8B5-AED9-4AD8-ACAC-DDD7EEDA38A3}.Debug|Any CPU.Deploy.0 = Debug|x86
		{2F48A8B5-AED9-4AD8-ACAC-DDD7EEDA38A3}.Debug|ARM.ActiveCfg = Debug|ARM
		{2F48A8B5-AED9-4AD8-ACAC-DDD7EEDA38A3}.Debug|ARM.Build.0 = Debug|ARM
		{2F48A8B5-AED9-4AD8-ACAC-DDD7EEDA38A3}.Debug|ARM.Deploy.0 = Debug|ARM
		{2F48A8B5-AED9-4AD8-ACAC-DDD7EEDA38A3}.Debug|iPhone.ActiveCfg = Debug|x86
		{2F48A8B5-AED9-4AD8-ACAC-DDD7EEDA38A3}.Debug|iPhone.Build.0 = Debug|x86
		{2F48A8B5-AED9-4AD8-ACAC-DDD7EEDA38A3}.Debug|iPhone.Deploy.0 = Debug|x86
		{2F48A8B5-AED9-4AD8-ACAC-DDD7EEDA38A3}.Debug|iPhoneSimulator.ActiveCfg = Debug|x86
		{2F48A8B5-AED9-4AD8-ACAC-DDD7EEDA38A3}.Debug|iPhoneSimulator.Build.0 = Debug|x86
		{2F48A8B5-AED9-4AD8-ACAC-DDD7EEDA38A3}.Debug|iPhoneSimulator.Deploy.0 = Debug|x86
		{2F48A8B5-AED9-4AD8-ACAC-DDD7EEDA38A3}.Debug|x64.ActiveCfg = Debug|x64
		{2F48A8B5-AED9-4AD8-ACAC-DDD7EEDA38A3}.Debug|x64.Build.0 = Debug|x64
		{2F48A8B5-AED9-4AD8-ACAC-DDD7EEDA38A3}.Debug|x64.Deploy.0 = Debug|x64
		{2F48A8B5-AED9-4AD8-ACAC-DDD7EEDA38A3}.Debug|x86.ActiveCfg = Debug|x86
		{2F48A8B5-AED9-4AD8-ACAC-DDD7EEDA38A3}.Debug|x86.Build.0 = Debug|x86
		{2F48A8B5-AED9-4AD8-ACAC-DDD7EEDA38A3}.Debug|x86.Deploy.0 = Debug|x86
		{2F48A8B5-AED9-4AD8-ACAC-DDD7EEDA38A3}.Release|Any CPU.ActiveCfg = Release|x86
		{2F48A8B5-AED9-4AD8-ACAC-DDD7EEDA38A3}.Release|Any CPU.Build.0 = Release|x86
		{2F48A8B5-AED9-4AD8-ACAC-DDD7EEDA38A3}.Release|Any CPU.Deploy.0 = Release|x86
		{2F48A8B5-AED9-4AD8-ACAC-DDD7EEDA38A3}.Release|ARM.ActiveCfg = Release|ARM
		{2F48A8B5-AED9-4AD8-ACAC-DDD7EEDA38A3}.Release|ARM.Build.0 = Release|ARM
		{2F48A8B5-AED9-4AD8-ACAC-DDD7EEDA38A3}.Release|ARM.Deploy.0 = Release|ARM
		{2F48A8B5-AED9-4AD8-ACAC-DDD7EEDA38A3}.Release|iPhone.ActiveCfg = Release|x86
		{2F48A8B5-AED9-4AD8-ACAC-DDD7EEDA38A3}.Release|iPhone.Build.0 = Release|x86
		{2F48A8B5-AED9-4AD8-ACAC-DDD7EEDA38A3}.Release|iPhone.Deploy.0 = Release|x86
		{2F48A8B5-AED9-4AD8-ACAC-DDD7EEDA38A3}.Release|iPhoneSimulator.ActiveCfg = Release|x86
		{2F48A8B5-AED9-4AD8-ACAC-DDD7EEDA38A3}.Release|iPhoneSimulator.Build.0 = Release|x86
		{2F48A8B5-AED9-4AD8-ACAC-DDD7EEDA38A3}.Release|iPhoneSimulator.Deploy.0 = Release|x86
		{2F48A8B5-AED9-4AD8-ACAC-DDD7EEDA38A3}.Release|x64.ActiveCfg = Release|x64
		{2F48A8B5-AED9-4AD8-ACAC-DDD7EEDA38A3}.Release|x64.Build.0 = Release|x64
		{2F48A8B5-AED9-4AD8-ACAC-DDD7EEDA38A3}.Release|x64.Deploy.0 = Release|x64
		{2F48A8B5-AED9-4AD8-ACAC-DDD7EEDA38A3}.Release|x86.ActiveCfg = Release|x86
		{2F48A8B5-AED9-4AD8-ACAC-DDD7EEDA38A3}.Release|x86.Build.0 = Release|x86
		{2F48A8B5-AED9-4AD8-ACAC-DDD7EEDA38A3}.Release|x86.Deploy.0 = Release|x86
		{675D33DD-C12A-4452-8CB0-9A29467BB7EB}.Ad-Hoc|Any CPU.ActiveCfg = Debug|Any CPU
		{675D33DD-C12A-4452-8CB0-9A29467BB7EB}.Ad-Hoc|Any CPU.Build.0 = Debug|Any CPU
		{675D33DD-C12A-4452-8CB0-9A29467BB7EB}.Ad-Hoc|Any CPU.Deploy.0 = Debug|Any CPU
		{675D33DD-C12A-4452-8CB0-9A29467BB7EB}.Ad-Hoc|ARM.ActiveCfg = Debug|Any CPU
		{675D33DD-C12A-4452-8CB0-9A29467BB7EB}.Ad-Hoc|ARM.Build.0 = Debug|Any CPU
		{675D33DD-C12A-4452-8CB0-9A29467BB7EB}.Ad-Hoc|ARM.Deploy.0 = Debug|Any CPU
		{675D33DD-C12A-4452-8CB0-9A29467BB7EB}.Ad-Hoc|iPhone.ActiveCfg = Debug|Any CPU
		{675D33DD-C12A-4452-8CB0-9A29467BB7EB}.Ad-Hoc|iPhone.Build.0 = Debug|Any CPU
		{675D33DD-C12A-4452-8CB0-9A29467BB7EB}.Ad-Hoc|iPhone.Deploy.0 = Debug|Any CPU
		{675D33DD-C12A-4452-8CB0-9A29467BB7EB}.Ad-Hoc|iPhoneSimulator.ActiveCfg = Debug|Any CPU
		{675D33DD-C12A-4452-8CB0-9A29467BB7EB}.Ad-Hoc|iPhoneSimulator.Build.0 = Debug|Any CPU
		{675D33DD-C12A-4452-8CB0-9A29467BB7EB}.Ad-Hoc|iPhoneSimulator.Deploy.0 = Debug|Any CPU
		{675D33DD-C12A-4452-8CB0-9A29467BB7EB}.Ad-Hoc|x64.ActiveCfg = Debug|Any CPU
		{675D33DD-C12A-4452-8CB0-9A29467BB7EB}.Ad-Hoc|x64.Build.0 = Debug|Any CPU
		{675D33DD-C12A-4452-8CB0-9A29467BB7EB}.Ad-Hoc|x64.Deploy.0 = Debug|Any CPU
		{675D33DD-C12A-4452-8CB0-9A29467BB7EB}.Ad-Hoc|x86.ActiveCfg = Debug|Any CPU
		{675D33DD-C12A-4452-8CB0-9A29467BB7EB}.Ad-Hoc|x86.Build.0 = Debug|Any CPU
		{675D33DD-C12A-4452-8CB0-9A29467BB7EB}.Ad-Hoc|x86.Deploy.0 = Debug|Any CPU
		{675D33DD-C12A-4452-8CB0-9A29467BB7EB}.AppStore|Any CPU.ActiveCfg = Debug|Any CPU
		{675D33DD-C12A-4452-8CB0-9A29467BB7EB}.AppStore|Any CPU.Build.0 = Debug|Any CPU
		{675D33DD-C12A-4452-8CB0-9A29467BB7EB}.AppStore|Any CPU.Deploy.0 = Debug|Any CPU
		{675D33DD-C12A-4452-8CB0-9A29467BB7EB}.AppStore|ARM.ActiveCfg = Debug|Any CPU
		{675D33DD-C12A-4452-8CB0-9A29467BB7EB}.AppStore|ARM.Build.0 = Debug|Any CPU
		{675D33DD-C12A-4452-8CB0-9A29467BB7EB}.AppStore|ARM.Deploy.0 = Debug|Any CPU
		{675D33DD-C12A-4452-8CB0-9A29467BB7EB}.AppStore|iPhone.ActiveCfg = Debug|Any CPU
		{675D33DD-C12A-4452-8CB0-9A29467BB7EB}.AppStore|iPhone.Build.0 = Debug|Any CPU
		{675D33DD-C12A-4452-8CB0-9A29467BB7EB}.AppStore|iPhone.Deploy.0 = Debug|Any CPU
		{675D33DD-C12A-4452-8CB0-9A29467BB7EB}.AppStore|iPhoneSimulator.ActiveCfg = Debug|Any CPU
		{675D33DD-C12A-4452-8CB0-9A29467BB7EB}.AppStore|iPhoneSimulator.Build.0 = Debug|Any CPU
		{675D33DD-C12A-4452-8CB0-9A29467BB7EB}.AppStore|iPhoneSimulator.Deploy.0 = Debug|Any CPU
		{675D33DD-C12A-4452-8CB0-9A29467BB7EB}.AppStore|x64.ActiveCfg = Debug|Any CPU
		{675D33DD-C12A-4452-8CB0-9A29467BB7EB}.AppStore|x64.Build.0 = Debug|Any CPU
		{675D33DD-C12A-4452-8CB0-9A29467BB7EB}.AppStore|x64.Deploy.0 = Debug|Any CPU
		{675D33DD-C12A-4452-8CB0-9A29467BB7EB}.AppStore|x86.ActiveCfg = Debug|Any CPU
		{675D33DD-C12A-4452-8CB0-9A29467BB7EB}.AppStore|x86.Build.0 = Debug|Any CPU
		{675D33DD-C12A-4452-8CB0-9A29467BB7EB}.AppStore|x86.Deploy.0 = Debug|Any CPU
		{675D33DD-C12A-4452-8CB0-9A29467BB7EB}.Debug|Any CPU.ActiveCfg = Debug|Any CPU
		{675D33DD-C12A-4452-8CB0-9A29467BB7EB}.Debug|Any CPU.Build.0 = Debug|Any CPU
		{675D33DD-C12A-4452-8CB0-9A29467BB7EB}.Debug|Any CPU.Deploy.0 = Debug|Any CPU
		{675D33DD-C12A-4452-8CB0-9A29467BB7EB}.Debug|ARM.ActiveCfg = Debug|Any CPU
		{675D33DD-C12A-4452-8CB0-9A29467BB7EB}.Debug|ARM.Build.0 = Debug|Any CPU
		{675D33DD-C12A-4452-8CB0-9A29467BB7EB}.Debug|ARM.Deploy.0 = Debug|Any CPU
		{675D33DD-C12A-4452-8CB0-9A29467BB7EB}.Debug|iPhone.ActiveCfg = Debug|Any CPU
		{675D33DD-C12A-4452-8CB0-9A29467BB7EB}.Debug|iPhone.Build.0 = Debug|Any CPU
		{675D33DD-C12A-4452-8CB0-9A29467BB7EB}.Debug|iPhone.Deploy.0 = Debug|Any CPU
		{675D33DD-C12A-4452-8CB0-9A29467BB7EB}.Debug|iPhoneSimulator.ActiveCfg = Debug|Any CPU
		{675D33DD-C12A-4452-8CB0-9A29467BB7EB}.Debug|iPhoneSimulator.Build.0 = Debug|Any CPU
		{675D33DD-C12A-4452-8CB0-9A29467BB7EB}.Debug|iPhoneSimulator.Deploy.0 = Debug|Any CPU
		{675D33DD-C12A-4452-8CB0-9A29467BB7EB}.Debug|x64.ActiveCfg = Debug|Any CPU
		{675D33DD-C12A-4452-8CB0-9A29467BB7EB}.Debug|x64.Build.0 = Debug|Any CPU
		{675D33DD-C12A-4452-8CB0-9A29467BB7EB}.Debug|x64.Deploy.0 = Debug|Any CPU
		{675D33DD-C12A-4452-8CB0-9A29467BB7EB}.Debug|x86.ActiveCfg = Debug|Any CPU
		{675D33DD-C12A-4452-8CB0-9A29467BB7EB}.Debug|x86.Build.0 = Debug|Any CPU
		{675D33DD-C12A-4452-8CB0-9A29467BB7EB}.Debug|x86.Deploy.0 = Debug|Any CPU
		{675D33DD-C12A-4452-8CB0-9A29467BB7EB}.Release|Any CPU.ActiveCfg = Release|Any CPU
		{675D33DD-C12A-4452-8CB0-9A29467BB7EB}.Release|Any CPU.Build.0 = Release|Any CPU
		{675D33DD-C12A-4452-8CB0-9A29467BB7EB}.Release|Any CPU.Deploy.0 = Release|Any CPU
		{675D33DD-C12A-4452-8CB0-9A29467BB7EB}.Release|ARM.ActiveCfg = Release|Any CPU
		{675D33DD-C12A-4452-8CB0-9A29467BB7EB}.Release|ARM.Build.0 = Release|Any CPU
		{675D33DD-C12A-4452-8CB0-9A29467BB7EB}.Release|ARM.Deploy.0 = Release|Any CPU
		{675D33DD-C12A-4452-8CB0-9A29467BB7EB}.Release|iPhone.ActiveCfg = Release|Any CPU
		{675D33DD-C12A-4452-8CB0-9A29467BB7EB}.Release|iPhone.Build.0 = Release|Any CPU
		{675D33DD-C12A-4452-8CB0-9A29467BB7EB}.Release|iPhone.Deploy.0 = Release|Any CPU
		{675D33DD-C12A-4452-8CB0-9A29467BB7EB}.Release|iPhoneSimulator.ActiveCfg = Release|Any CPU
		{675D33DD-C12A-4452-8CB0-9A29467BB7EB}.Release|iPhoneSimulator.Build.0 = Release|Any CPU
		{675D33DD-C12A-4452-8CB0-9A29467BB7EB}.Release|iPhoneSimulator.Deploy.0 = Release|Any CPU
		{675D33DD-C12A-4452-8CB0-9A29467BB7EB}.Release|x64.ActiveCfg = Release|Any CPU
		{675D33DD-C12A-4452-8CB0-9A29467BB7EB}.Release|x64.Build.0 = Release|Any CPU
		{675D33DD-C12A-4452-8CB0-9A29467BB7EB}.Release|x64.Deploy.0 = Release|Any CPU
		{675D33DD-C12A-4452-8CB0-9A29467BB7EB}.Release|x86.ActiveCfg = Release|Any CPU
		{675D33DD-C12A-4452-8CB0-9A29467BB7EB}.Release|x86.Build.0 = Release|Any CPU
		{675D33DD-C12A-4452-8CB0-9A29467BB7EB}.Release|x86.Deploy.0 = Release|Any CPU
	EndGlobalSection
	GlobalSection(SolutionProperties) = preSolution
		HideSolutionNode = FALSE
	EndGlobalSection
	GlobalSection(ExtensibilityGlobals) = postSolution
		SolutionGuid = {691B73CD-1057-4216-8A48-7DA989E4A6DB}
	EndGlobalSection
EndGlobal
